
Microsoft Visual Studio Solution File, Format Version 12.00
Project("{FAE04EC0-301F-11D3-BF4B-00C04F79EFBC}") = "AIInterviewAssistant.MAUIApp", "AIInterviewAssistant.MAUIApp\AIInterviewAssistant.MAUIApp.csproj", "{560231A8-DF24-4622-A658-9BB147454D7D}"
EndProject
Global
	GlobalSection(SolutionConfigurationPlatforms) = preSolution
		Debug|Any CPU = Debug|Any CPU
		Release|Any CPU = Release|Any CPU
	EndGlobalSection
	GlobalSection(ProjectConfigurationPlatforms) = postSolution
		{560231A8-DF24-4622-A658-9BB147454D7D}.Debug|Any CPU.ActiveCfg = Debug|Any CPU
		{560231A8-DF24-4622-A658-9BB147454D7D}.Debug|Any CPU.Build.0 = Debug|Any CPU
		{560231A8-DF24-4622-A658-9BB147454D7D}.Release|Any CPU.ActiveCfg = Release|Any CPU
		{560231A8-DF24-4622-A658-9BB147454D7D}.Release|Any CPU.Build.0 = Release|Any CPU
	EndGlobalSection
EndGlobal
